
Microsoft Visual Studio Solution File, Format Version 12.00
# Visual Studio 15
VisualStudioVersion = 15.0.27703.2035
MinimumVisualStudioVersion = 10.0.40219.1
Project("{2150E333-8FDC-42A3-9474-1A3956D46DE8}") = "0.Api", "0.Api", "{569FA75E-E7C2-454E-8290-5E54997E5018}"
EndProject
Project("{2150E333-8FDC-42A3-9474-1A3956D46DE8}") = "1.Application", "1.Application", "{CB7462BE-7D5E-4FFB-A98C-088877CFBFB1}"
EndProject
Project("{2150E333-8FDC-42A3-9474-1A3956D46DE8}") = "2.Domain", "2.Domain", "{59FBAE99-9446-4BA6-93D7-D763B0F16EC0}"
EndProject
Project("{2150E333-8FDC-42A3-9474-1A3956D46DE8}") = "3.Infrastructure", "3.Infrastructure", "{C55166D6-6675-4D78-9FEB-F9625CF36AD0}"
EndProject
Project("{2150E333-8FDC-42A3-9474-1A3956D46DE8}") = "4.Common", "4.Common", "{27DA0F0E-170C-4F25-ADEA-E8E6C2FB1A55}"
EndProject
Project("{FAE04EC0-301F-11D3-BF4B-00C04F79EFBC}") = "Vueling.Infrastructure.Repository", "Vueling.Infrastructure.Repository\Vueling.Infrastructure.Repository.csproj", "{EE345DBE-F0CB-4ECE-AD53-D2DE179FF459}"
EndProject
Project("{FAE04EC0-301F-11D3-BF4B-00C04F79EFBC}") = "Vueling.Infraestructure.Repository.Contracts", "Vueling.Infraestructure.Repository.Contracts\Vueling.Infraestructure.Repository.Contracts.csproj", "{7C62B6CB-DAEF-41CC-A754-273466C6BA18}"
EndProject
Project("{FAE04EC0-301F-11D3-BF4B-00C04F79EFBC}") = "Vueling.Domain.Entities", "Vueling.Domain.Entities\Vueling.Domain.Entities.csproj", "{45C78BA4-C46D-4331-974B-AB1D48274C9C}"
EndProject
Project("{FAE04EC0-301F-11D3-BF4B-00C04F79EFBC}") = "Vueling.Application.Services", "Vueling.Application.Services\Vueling.Application.Services.csproj", "{23B4BA44-E0BB-45A2-9E1C-0F3566AFCBD3}"
EndProject
Project("{FAE04EC0-301F-11D3-BF4B-00C04F79EFBC}") = "Vueling.Application.Services.Contracts", "Vueling.Application.Services.Contracts\Vueling.Application.Services.Contracts.csproj", "{7A9D80D6-F865-4A82-8CD5-9E1617CF5D2B}"
EndProject
Project("{FAE04EC0-301F-11D3-BF4B-00C04F79EFBC}") = "Vueling.Application.Dto", "Vueling.Application.Dto\Vueling.Application.Dto.csproj", "{2DCAD3B3-7297-472A-B365-191D85F1AAF9}"
EndProject
Project("{FAE04EC0-301F-11D3-BF4B-00C04F79EFBC}") = "Vueling.Facade.Api", "Vueling.Facade.Api\Vueling.Facade.Api.csproj", "{1F4D6DFF-13C0-4B36-8E37-023526D84114}"
EndProject
Project("{FAE04EC0-301F-11D3-BF4B-00C04F79EFBC}") = "Vueling.Facade.Api.Tests", "Vueling.Facade.Api.Tests\Vueling.Facade.Api.Tests.csproj", "{6F9028C6-F861-4027-A8A7-3824775100D7}"
EndProject
Project("{FAE04EC0-301F-11D3-BF4B-00C04F79EFBC}") = "Vueling.Common.Layer", "Vueling.Common.Layer\Vueling.Common.Layer.csproj", "{32D73503-D136-4106-BBED-27AD09A130FD}"
EndProject
Global
	GlobalSection(SolutionConfigurationPlatforms) = preSolution
		Debug|Any CPU = Debug|Any CPU
		Release|Any CPU = Release|Any CPU
	EndGlobalSection
	GlobalSection(ProjectConfigurationPlatforms) = postSolution
		{EE345DBE-F0CB-4ECE-AD53-D2DE179FF459}.Debug|Any CPU.ActiveCfg = Debug|Any CPU
		{EE345DBE-F0CB-4ECE-AD53-D2DE179FF459}.Debug|Any CPU.Build.0 = Debug|Any CPU
		{EE345DBE-F0CB-4ECE-AD53-D2DE179FF459}.Release|Any CPU.ActiveCfg = Release|Any CPU
		{EE345DBE-F0CB-4ECE-AD53-D2DE179FF459}.Release|Any CPU.Build.0 = Release|Any CPU
		{7C62B6CB-DAEF-41CC-A754-273466C6BA18}.Debug|Any CPU.ActiveCfg = Debug|Any CPU
		{7C62B6CB-DAEF-41CC-A754-273466C6BA18}.Debug|Any CPU.Build.0 = Debug|Any CPU
		{7C62B6CB-DAEF-41CC-A754-273466C6BA18}.Release|Any CPU.ActiveCfg = Release|Any CPU
		{7C62B6CB-DAEF-41CC-A754-273466C6BA18}.Release|Any CPU.Build.0 = Release|Any CPU
		{45C78BA4-C46D-4331-974B-AB1D48274C9C}.Debug|Any CPU.ActiveCfg = Debug|Any CPU
		{45C78BA4-C46D-4331-974B-AB1D48274C9C}.Debug|Any CPU.Build.0 = Debug|Any CPU
		{45C78BA4-C46D-4331-974B-AB1D48274C9C}.Release|Any CPU.ActiveCfg = Release|Any CPU
		{45C78BA4-C46D-4331-974B-AB1D48274C9C}.Release|Any CPU.Build.0 = Release|Any CPU
		{23B4BA44-E0BB-45A2-9E1C-0F3566AFCBD3}.Debug|Any CPU.ActiveCfg = Debug|Any CPU
		{23B4BA44-E0BB-45A2-9E1C-0F3566AFCBD3}.Debug|Any CPU.Build.0 = Debug|Any CPU
		{23B4BA44-E0BB-45A2-9E1C-0F3566AFCBD3}.Release|Any CPU.ActiveCfg = Release|Any CPU
		{23B4BA44-E0BB-45A2-9E1C-0F3566AFCBD3}.Release|Any CPU.Build.0 = Release|Any CPU
		{7A9D80D6-F865-4A82-8CD5-9E1617CF5D2B}.Debug|Any CPU.ActiveCfg = Debug|Any CPU
		{7A9D80D6-F865-4A82-8CD5-9E1617CF5D2B}.Debug|Any CPU.Build.0 = Debug|Any CPU
		{7A9D80D6-F865-4A82-8CD5-9E1617CF5D2B}.Release|Any CPU.ActiveCfg = Release|Any CPU
		{7A9D80D6-F865-4A82-8CD5-9E1617CF5D2B}.Release|Any CPU.Build.0 = Release|Any CPU
		{2DCAD3B3-7297-472A-B365-191D85F1AAF9}.Debug|Any CPU.ActiveCfg = Debug|Any CPU
		{2DCAD3B3-7297-472A-B365-191D85F1AAF9}.Debug|Any CPU.Build.0 = Debug|Any CPU
		{2DCAD3B3-7297-472A-B365-191D85F1AAF9}.Release|Any CPU.ActiveCfg = Release|Any CPU
		{2DCAD3B3-7297-472A-B365-191D85F1AAF9}.Release|Any CPU.Build.0 = Release|Any CPU
		{1F4D6DFF-13C0-4B36-8E37-023526D84114}.Debug|Any CPU.ActiveCfg = Debug|Any CPU
		{1F4D6DFF-13C0-4B36-8E37-023526D84114}.Debug|Any CPU.Build.0 = Debug|Any CPU
		{1F4D6DFF-13C0-4B36-8E37-023526D84114}.Release|Any CPU.ActiveCfg = Release|Any CPU
		{1F4D6DFF-13C0-4B36-8E37-023526D84114}.Release|Any CPU.Build.0 = Release|Any CPU
		{6F9028C6-F861-4027-A8A7-3824775100D7}.Debug|Any CPU.ActiveCfg = Debug|Any CPU
		{6F9028C6-F861-4027-A8A7-3824775100D7}.Debug|Any CPU.Build.0 = Debug|Any CPU
		{6F9028C6-F861-4027-A8A7-3824775100D7}.Release|Any CPU.ActiveCfg = Release|Any CPU
		{6F9028C6-F861-4027-A8A7-3824775100D7}.Release|Any CPU.Build.0 = Release|Any CPU
		{32D73503-D136-4106-BBED-27AD09A130FD}.Debug|Any CPU.ActiveCfg = Debug|Any CPU
		{32D73503-D136-4106-BBED-27AD09A130FD}.Debug|Any CPU.Build.0 = Debug|Any CPU
		{32D73503-D136-4106-BBED-27AD09A130FD}.Release|Any CPU.ActiveCfg = Release|Any CPU
		{32D73503-D136-4106-BBED-27AD09A130FD}.Release|Any CPU.Build.0 = Release|Any CPU
	EndGlobalSection
	GlobalSection(SolutionProperties) = preSolution
		HideSolutionNode = FALSE
	EndGlobalSection
	GlobalSection(NestedProjects) = preSolution
		{EE345DBE-F0CB-4ECE-AD53-D2DE179FF459} = {C55166D6-6675-4D78-9FEB-F9625CF36AD0}
		{7C62B6CB-DAEF-41CC-A754-273466C6BA18} = {C55166D6-6675-4D78-9FEB-F9625CF36AD0}
		{45C78BA4-C46D-4331-974B-AB1D48274C9C} = {59FBAE99-9446-4BA6-93D7-D763B0F16EC0}
		{23B4BA44-E0BB-45A2-9E1C-0F3566AFCBD3} = {CB7462BE-7D5E-4FFB-A98C-088877CFBFB1}
		{7A9D80D6-F865-4A82-8CD5-9E1617CF5D2B} = {CB7462BE-7D5E-4FFB-A98C-088877CFBFB1}
		{2DCAD3B3-7297-472A-B365-191D85F1AAF9} = {CB7462BE-7D5E-4FFB-A98C-088877CFBFB1}
		{1F4D6DFF-13C0-4B36-8E37-023526D84114} = {569FA75E-E7C2-454E-8290-5E54997E5018}
		{6F9028C6-F861-4027-A8A7-3824775100D7} = {569FA75E-E7C2-454E-8290-5E54997E5018}
		{32D73503-D136-4106-BBED-27AD09A130FD} = {27DA0F0E-170C-4F25-ADEA-E8E6C2FB1A55}
	EndGlobalSection
	GlobalSection(ExtensibilityGlobals) = postSolution
		SolutionGuid = {9ACC0EA4-F73E-4211-8EFF-3C0FA71181EC}
	EndGlobalSection
EndGlobal
